// !$*UTF8*$!
{
	archiveVersion = 1;
	classes = {
	};
	objectVersion = 77;
	objects = {

/* Begin PBXBuildFile section */
		8E52D93C2CBD215600E5D42A /* Assets.xcassets in Resources */ = {isa = PBXBuildFile; fileRef = 8E52D92F2CBD215600E5D42A /* Assets.xcassets */; };
		8E52D9432CBD216C00E5D42A /* HomeView.swift in Sources */ = {isa = PBXBuildFile; fileRef = 8E52D93E2CBD216C00E5D42A /* HomeView.swift */; };
		8E52D9442CBD216C00E5D42A /* MainView.swift in Sources */ = {isa = PBXBuildFile; fileRef = 8E52D93F2CBD216C00E5D42A /* MainView.swift */; };
		8E52D9452CBD216C00E5D42A /* MyPageView.swift in Sources */ = {isa = PBXBuildFile; fileRef = 8E52D9402CBD216C00E5D42A /* MyPageView.swift */; };
		8E52D9462CBD216C00E5D42A /* PostView.swift in Sources */ = {isa = PBXBuildFile; fileRef = 8E52D9412CBD216C00E5D42A /* PostView.swift */; };
		8E91AEC02CBE27D8009889D4 /* GoogleService-Info.plist in Resources */ = {isa = PBXBuildFile; fileRef = 8E91AEBF2CBE27D8009889D4 /* GoogleService-Info.plist */; };
		8EF50D352CBDF47C000CABAA /* OrderedCollections in Frameworks */ = {isa = PBXBuildFile; productRef = 8EF50D342CBDF47C000CABAA /* OrderedCollections */; };
		8EF50D372CBDF52A000CABAA /* FilterButtons.swift in Sources */ = {isa = PBXBuildFile; fileRef = 8EF50D362CBDF52A000CABAA /* FilterButtons.swift */; };
		8EF50D5F2CBDFD01000CABAA /* AuthManager.swift in Sources */ = {isa = PBXBuildFile; fileRef = 8EF50D502CBDFD01000CABAA /* AuthManager.swift */; };
		8EF50D602CBDFD01000CABAA /* ProfileInfo.swift in Sources */ = {isa = PBXBuildFile; fileRef = 8EF50D522CBDFD01000CABAA /* ProfileInfo.swift */; };
		8EF50D612CBDFD01000CABAA /* AddUserInfoView.swift in Sources */ = {isa = PBXBuildFile; fileRef = 8EF50D562CBDFD01000CABAA /* AddUserInfoView.swift */; };
		8EF50D622CBDFD01000CABAA /* ContentView.swift in Sources */ = {isa = PBXBuildFile; fileRef = 8EF50D572CBDFD01000CABAA /* ContentView.swift */; };
		8EF50D632CBDFD01000CABAA /* LoginView.swift in Sources */ = {isa = PBXBuildFile; fileRef = 8EF50D582CBDFD01000CABAA /* LoginView.swift */; };
		8EF50D642CBDFD01000CABAA /* MonologueApp.swift in Sources */ = {isa = PBXBuildFile; fileRef = 8EF50D5D2CBDFD01000CABAA /* MonologueApp.swift */; };
		8EF50D6C2CBE0402000CABAA /* UserInfo.swift in Sources */ = {isa = PBXBuildFile; fileRef = 8EF50D6B2CBE0402000CABAA /* UserInfo.swift */; };
		8EF50D6E2CBE0432000CABAA /* Memo.swift in Sources */ = {isa = PBXBuildFile; fileRef = 8EF50D6D2CBE0432000CABAA /* Memo.swift */; };
		8EF50D702CBE0453000CABAA /* Column.swift in Sources */ = {isa = PBXBuildFile; fileRef = 8EF50D6F2CBE0453000CABAA /* Column.swift */; };
		8EF50D722CBE0467000CABAA /* Comment.swift in Sources */ = {isa = PBXBuildFile; fileRef = 8EF50D712CBE0467000CABAA /* Comment.swift */; };
		8EF50D742CBE0479000CABAA /* Complain.swift in Sources */ = {isa = PBXBuildFile; fileRef = 8EF50D732CBE0479000CABAA /* Complain.swift */; };
		EAC7D7A12CBD23E0008A8074 /* FirebaseAuth in Frameworks */ = {isa = PBXBuildFile; productRef = EAC7D7A02CBD23E0008A8074 /* FirebaseAuth */; };
		EAC7D7A32CBD23E0008A8074 /* FirebaseDatabase in Frameworks */ = {isa = PBXBuildFile; productRef = EAC7D7A22CBD23E0008A8074 /* FirebaseDatabase */; };
		EAC7D7A52CBD23E0008A8074 /* FirebaseFirestore in Frameworks */ = {isa = PBXBuildFile; productRef = EAC7D7A42CBD23E0008A8074 /* FirebaseFirestore */; };
		EAC7D7A72CBD24CC008A8074 /* FirebaseFirestoreCombine-Community in Frameworks */ = {isa = PBXBuildFile; productRef = EAC7D7A62CBD24CC008A8074 /* FirebaseFirestoreCombine-Community */; };
		EAC7D7C02CBD2902008A8074 /* GoogleSignIn in Frameworks */ = {isa = PBXBuildFile; productRef = EAC7D7BF2CBD2902008A8074 /* GoogleSignIn */; };
		EAC7D7C22CBD2902008A8074 /* GoogleSignInSwift in Frameworks */ = {isa = PBXBuildFile; productRef = EAC7D7C12CBD2902008A8074 /* GoogleSignInSwift */; };
		EAC7D85F2CBE0919008A8074 /* LoginButtonView.swift in Sources */ = {isa = PBXBuildFile; fileRef = EAC7D85E2CBE0919008A8074 /* LoginButtonView.swift */; };
		EAC7D8692CBE2BC8008A8074 /* GoogleService-Info.plist in Resources */ = {isa = PBXBuildFile; fileRef = EAC7D8682CBE2BC8008A8074 /* GoogleService-Info.plist */; };
/* End PBXBuildFile section */

/* Begin PBXFileReference section */
		8E52D9162CBD100A00E5D42A /* Monologue.app */ = {isa = PBXFileReference; explicitFileType = wrapper.application; includeInIndex = 0; path = Monologue.app; sourceTree = BUILT_PRODUCTS_DIR; };
		8E52D92F2CBD215600E5D42A /* Assets.xcassets */ = {isa = PBXFileReference; lastKnownFileType = folder.assetcatalog; path = Assets.xcassets; sourceTree = "<group>"; };
		8E52D93E2CBD216C00E5D42A /* HomeView.swift */ = {isa = PBXFileReference; lastKnownFileType = sourcecode.swift; path = HomeView.swift; sourceTree = "<group>"; };
		8E52D93F2CBD216C00E5D42A /* MainView.swift */ = {isa = PBXFileReference; lastKnownFileType = sourcecode.swift; path = MainView.swift; sourceTree = "<group>"; };
		8E52D9402CBD216C00E5D42A /* MyPageView.swift */ = {isa = PBXFileReference; lastKnownFileType = sourcecode.swift; path = MyPageView.swift; sourceTree = "<group>"; };
		8E52D9412CBD216C00E5D42A /* PostView.swift */ = {isa = PBXFileReference; lastKnownFileType = sourcecode.swift; path = PostView.swift; sourceTree = "<group>"; };
		8E91AEBF2CBE27D8009889D4 /* GoogleService-Info.plist */ = {isa = PBXFileReference; lastKnownFileType = text.plist.xml; path = "GoogleService-Info.plist"; sourceTree = "<group>"; };
		8EF50D362CBDF52A000CABAA /* FilterButtons.swift */ = {isa = PBXFileReference; lastKnownFileType = sourcecode.swift; path = FilterButtons.swift; sourceTree = "<group>"; };
		8EF50D502CBDFD01000CABAA /* AuthManager.swift */ = {isa = PBXFileReference; lastKnownFileType = sourcecode.swift; path = AuthManager.swift; sourceTree = "<group>"; };
		8EF50D522CBDFD01000CABAA /* ProfileInfo.swift */ = {isa = PBXFileReference; lastKnownFileType = sourcecode.swift; path = ProfileInfo.swift; sourceTree = "<group>"; };
		8EF50D562CBDFD01000CABAA /* AddUserInfoView.swift */ = {isa = PBXFileReference; lastKnownFileType = sourcecode.swift; path = AddUserInfoView.swift; sourceTree = "<group>"; };
		8EF50D572CBDFD01000CABAA /* ContentView.swift */ = {isa = PBXFileReference; lastKnownFileType = sourcecode.swift; path = ContentView.swift; sourceTree = "<group>"; };
		8EF50D582CBDFD01000CABAA /* LoginView.swift */ = {isa = PBXFileReference; lastKnownFileType = sourcecode.swift; path = LoginView.swift; sourceTree = "<group>"; };
		8EF50D5C2CBDFD01000CABAA /* Info.plist */ = {isa = PBXFileReference; lastKnownFileType = text.plist.xml; path = Info.plist; sourceTree = "<group>"; };
		8EF50D5D2CBDFD01000CABAA /* MonologueApp.swift */ = {isa = PBXFileReference; lastKnownFileType = sourcecode.swift; path = MonologueApp.swift; sourceTree = "<group>"; };
		8EF50D6B2CBE0402000CABAA /* UserInfo.swift */ = {isa = PBXFileReference; lastKnownFileType = sourcecode.swift; path = UserInfo.swift; sourceTree = "<group>"; };
		8EF50D6D2CBE0432000CABAA /* Memo.swift */ = {isa = PBXFileReference; lastKnownFileType = sourcecode.swift; path = Memo.swift; sourceTree = "<group>"; };
		8EF50D6F2CBE0453000CABAA /* Column.swift */ = {isa = PBXFileReference; lastKnownFileType = sourcecode.swift; path = Column.swift; sourceTree = "<group>"; };
		8EF50D712CBE0467000CABAA /* Comment.swift */ = {isa = PBXFileReference; lastKnownFileType = sourcecode.swift; path = Comment.swift; sourceTree = "<group>"; };
		8EF50D732CBE0479000CABAA /* Complain.swift */ = {isa = PBXFileReference; lastKnownFileType = sourcecode.swift; path = Complain.swift; sourceTree = "<group>"; };
		EAC7D85E2CBE0919008A8074 /* LoginButtonView.swift */ = {isa = PBXFileReference; lastKnownFileType = sourcecode.swift; path = LoginButtonView.swift; sourceTree = "<group>"; };
		EAC7D8682CBE2BC8008A8074 /* GoogleService-Info.plist */ = {isa = PBXFileReference; lastKnownFileType = text.plist.xml; path = "GoogleService-Info.plist"; sourceTree = "<group>"; };
/* End PBXFileReference section */

/* Begin PBXFrameworksBuildPhase section */
		8E52D9132CBD100A00E5D42A /* Frameworks */ = {
			isa = PBXFrameworksBuildPhase;
			buildActionMask = 2147483647;
			files = (
				EAC7D7C02CBD2902008A8074 /* GoogleSignIn in Frameworks */,
				EAC7D7A32CBD23E0008A8074 /* FirebaseDatabase in Frameworks */,
				EAC7D7A72CBD24CC008A8074 /* FirebaseFirestoreCombine-Community in Frameworks */,
				EAC7D7C22CBD2902008A8074 /* GoogleSignInSwift in Frameworks */,
				EAC7D7A12CBD23E0008A8074 /* FirebaseAuth in Frameworks */,
				EAC7D7A52CBD23E0008A8074 /* FirebaseFirestore in Frameworks */,
				8EF50D352CBDF47C000CABAA /* OrderedCollections in Frameworks */,
			);
			runOnlyForDeploymentPostprocessing = 0;
		};
/* End PBXFrameworksBuildPhase section */

/* Begin PBXGroup section */
		8E52D90D2CBD100A00E5D42A /* Monologue */ = {
			isa = PBXGroup;
			children = (
				EAC7D8682CBE2BC8008A8074 /* GoogleService-Info.plist */,
				8E91AEBF2CBE27D8009889D4 /* GoogleService-Info.plist */,
				8EF50D512CBDFD01000CABAA /* Auth */,
				8EF50D532CBDFD01000CABAA /* Model */,
				8EF50D592CBDFD01000CABAA /* View */,
				8EF50D5C2CBDFD01000CABAA /* Info.plist */,
				8EF50D5D2CBDFD01000CABAA /* MonologueApp.swift */,
				8E52D92F2CBD215600E5D42A /* Assets.xcassets */,
				8EF50D322CBDF446000CABAA /* ViewBuilders */,
				8E52D9422CBD216C00E5D42A /* Views */,
			);
			path = Monologue;
			sourceTree = "<group>";
		};
		8E52D9172CBD100A00E5D42A /* Products */ = {
			isa = PBXGroup;
			children = (
				8E52D9162CBD100A00E5D42A /* Monologue.app */,
			);
			name = Products;
			sourceTree = "<group>";
		};
		8E52D9422CBD216C00E5D42A /* Views */ = {
			isa = PBXGroup;
			children = (
				8E52D93F2CBD216C00E5D42A /* MainView.swift */,
				8E52D93E2CBD216C00E5D42A /* HomeView.swift */,
				8E52D9412CBD216C00E5D42A /* PostView.swift */,
				8E52D9402CBD216C00E5D42A /* MyPageView.swift */,
			);
			path = Views;
			sourceTree = "<group>";
		};
		8EF50D322CBDF446000CABAA /* ViewBuilders */ = {
			isa = PBXGroup;
			children = (
				8EF50D362CBDF52A000CABAA /* FilterButtons.swift */,
			);
			path = ViewBuilders;
			sourceTree = "<group>";
		};
		8EF50D512CBDFD01000CABAA /* Auth */ = {
			isa = PBXGroup;
			children = (
				8EF50D502CBDFD01000CABAA /* AuthManager.swift */,
			);
			path = Auth;
			sourceTree = "<group>";
		};
		8EF50D532CBDFD01000CABAA /* Model */ = {
			isa = PBXGroup;
			children = (
				8EF50D522CBDFD01000CABAA /* ProfileInfo.swift */,
				8EF50D6B2CBE0402000CABAA /* UserInfo.swift */,
				8EF50D6D2CBE0432000CABAA /* Memo.swift */,
				8EF50D6F2CBE0453000CABAA /* Column.swift */,
				8EF50D712CBE0467000CABAA /* Comment.swift */,
				8EF50D732CBE0479000CABAA /* Complain.swift */,
			);
			path = Model;
			sourceTree = "<group>";
		};
		8EF50D592CBDFD01000CABAA /* View */ = {
			isa = PBXGroup;
			children = (
				8EF50D562CBDFD01000CABAA /* AddUserInfoView.swift */,
				8EF50D572CBDFD01000CABAA /* ContentView.swift */,
				8EF50D582CBDFD01000CABAA /* LoginView.swift */,
				EAC7D85E2CBE0919008A8074 /* LoginButtonView.swift */,
			);
			path = View;
			sourceTree = "<group>";
		};
/* End PBXGroup section */

/* Begin PBXNativeTarget section */
		8E52D9152CBD100A00E5D42A /* Monologue */ = {
			isa = PBXNativeTarget;
			buildConfigurationList = 8E52D9242CBD100B00E5D42A /* Build configuration list for PBXNativeTarget "Monologue" */;
			buildPhases = (
				8E52D9122CBD100A00E5D42A /* Sources */,
				8E52D9132CBD100A00E5D42A /* Frameworks */,
				8E52D9142CBD100A00E5D42A /* Resources */,
			);
			buildRules = (
			);
			dependencies = (
			);
			name = Monologue;
			packageProductDependencies = (
				EAC7D7A02CBD23E0008A8074 /* FirebaseAuth */,
				EAC7D7A22CBD23E0008A8074 /* FirebaseDatabase */,
				EAC7D7A42CBD23E0008A8074 /* FirebaseFirestore */,
				EAC7D7A62CBD24CC008A8074 /* FirebaseFirestoreCombine-Community */,
				EAC7D7BF2CBD2902008A8074 /* GoogleSignIn */,
				EAC7D7C12CBD2902008A8074 /* GoogleSignInSwift */,
				8EF50D342CBDF47C000CABAA /* OrderedCollections */,
			);
			productName = Monologue;
			productReference = 8E52D9162CBD100A00E5D42A /* Monologue.app */;
			productType = "com.apple.product-type.application";
		};
/* End PBXNativeTarget section */

/* Begin PBXProject section */
		8E52D90E2CBD100A00E5D42A /* Project object */ = {
			isa = PBXProject;
			attributes = {
				BuildIndependentTargetsInParallel = 1;
				LastSwiftUpdateCheck = 1600;
				LastUpgradeCheck = 1600;
				TargetAttributes = {
					8E52D9152CBD100A00E5D42A = {
						CreatedOnToolsVersion = 16.0;
					};
				};
			};
			buildConfigurationList = 8E52D9112CBD100A00E5D42A /* Build configuration list for PBXProject "Monologue" */;
			developmentRegion = en;
			hasScannedForEncodings = 0;
			knownRegions = (
				en,
				Base,
			);
			mainGroup = 8E52D90D2CBD100A00E5D42A /* Monologue */;
			minimizedProjectReferenceProxies = 1;
			packageReferences = (
				EAC7D79F2CBD23E0008A8074 /* XCRemoteSwiftPackageReference "firebase-ios-sdk" */,
				EAC7D7BE2CBD2902008A8074 /* XCRemoteSwiftPackageReference "GoogleSignIn-iOS" */,
				8EF50D332CBDF47C000CABAA /* XCRemoteSwiftPackageReference "swift-collections" */,
			);
			preferredProjectObjectVersion = 77;
			productRefGroup = 8E52D9172CBD100A00E5D42A /* Products */;
			projectDirPath = "";
			projectRoot = "";
			targets = (
				8E52D9152CBD100A00E5D42A /* Monologue */,
			);
		};
/* End PBXProject section */

/* Begin PBXResourcesBuildPhase section */
		8E52D9142CBD100A00E5D42A /* Resources */ = {
			isa = PBXResourcesBuildPhase;
			buildActionMask = 2147483647;
			files = (
				8E52D93C2CBD215600E5D42A /* Assets.xcassets in Resources */,
				8E91AEC02CBE27D8009889D4 /* GoogleService-Info.plist in Resources */,
				EAC7D8692CBE2BC8008A8074 /* GoogleService-Info.plist in Resources */,
			);
			runOnlyForDeploymentPostprocessing = 0;
		};
/* End PBXResourcesBuildPhase section */

/* Begin PBXSourcesBuildPhase section */
		8E52D9122CBD100A00E5D42A /* Sources */ = {
			isa = PBXSourcesBuildPhase;
			buildActionMask = 2147483647;
			files = (
				8EF50D5F2CBDFD01000CABAA /* AuthManager.swift in Sources */,
				8EF50D742CBE0479000CABAA /* Complain.swift in Sources */,
				8EF50D602CBDFD01000CABAA /* ProfileInfo.swift in Sources */,
				8EF50D702CBE0453000CABAA /* Column.swift in Sources */,
				8EF50D612CBDFD01000CABAA /* AddUserInfoView.swift in Sources */,
				8EF50D6E2CBE0432000CABAA /* Memo.swift in Sources */,
				8EF50D722CBE0467000CABAA /* Comment.swift in Sources */,
				8EF50D622CBDFD01000CABAA /* ContentView.swift in Sources */,
				8EF50D632CBDFD01000CABAA /* LoginView.swift in Sources */,
				EAC7D85F2CBE0919008A8074 /* LoginButtonView.swift in Sources */,
				8EF50D642CBDFD01000CABAA /* MonologueApp.swift in Sources */,
				8EF50D6C2CBE0402000CABAA /* UserInfo.swift in Sources */,
				8E52D9432CBD216C00E5D42A /* HomeView.swift in Sources */,
				8E52D9442CBD216C00E5D42A /* MainView.swift in Sources */,
				8E52D9452CBD216C00E5D42A /* MyPageView.swift in Sources */,
				8E52D9462CBD216C00E5D42A /* PostView.swift in Sources */,
				8EF50D372CBDF52A000CABAA /* FilterButtons.swift in Sources */,
			);
			runOnlyForDeploymentPostprocessing = 0;
		};
/* End PBXSourcesBuildPhase section */

/* Begin XCBuildConfiguration section */
		8E52D9222CBD100B00E5D42A /* Debug */ = {
			isa = XCBuildConfiguration;
			buildSettings = {
				ALWAYS_SEARCH_USER_PATHS = NO;
				ASSETCATALOG_COMPILER_GENERATE_SWIFT_ASSET_SYMBOL_EXTENSIONS = YES;
				CLANG_ANALYZER_NONNULL = YES;
				CLANG_ANALYZER_NUMBER_OBJECT_CONVERSION = YES_AGGRESSIVE;
				CLANG_CXX_LANGUAGE_STANDARD = "gnu++20";
				CLANG_ENABLE_MODULES = YES;
				CLANG_ENABLE_OBJC_ARC = YES;
				CLANG_ENABLE_OBJC_WEAK = YES;
				CLANG_WARN_BLOCK_CAPTURE_AUTORELEASING = YES;
				CLANG_WARN_BOOL_CONVERSION = YES;
				CLANG_WARN_COMMA = YES;
				CLANG_WARN_CONSTANT_CONVERSION = YES;
				CLANG_WARN_DEPRECATED_OBJC_IMPLEMENTATIONS = YES;
				CLANG_WARN_DIRECT_OBJC_ISA_USAGE = YES_ERROR;
				CLANG_WARN_DOCUMENTATION_COMMENTS = YES;
				CLANG_WARN_EMPTY_BODY = YES;
				CLANG_WARN_ENUM_CONVERSION = YES;
				CLANG_WARN_INFINITE_RECURSION = YES;
				CLANG_WARN_INT_CONVERSION = YES;
				CLANG_WARN_NON_LITERAL_NULL_CONVERSION = YES;
				CLANG_WARN_OBJC_IMPLICIT_RETAIN_SELF = YES;
				CLANG_WARN_OBJC_LITERAL_CONVERSION = YES;
				CLANG_WARN_OBJC_ROOT_CLASS = YES_ERROR;
				CLANG_WARN_QUOTED_INCLUDE_IN_FRAMEWORK_HEADER = YES;
				CLANG_WARN_RANGE_LOOP_ANALYSIS = YES;
				CLANG_WARN_STRICT_PROTOTYPES = YES;
				CLANG_WARN_SUSPICIOUS_MOVE = YES;
				CLANG_WARN_UNGUARDED_AVAILABILITY = YES_AGGRESSIVE;
				CLANG_WARN_UNREACHABLE_CODE = YES;
				CLANG_WARN__DUPLICATE_METHOD_MATCH = YES;
				COPY_PHASE_STRIP = NO;
				DEBUG_INFORMATION_FORMAT = dwarf;
				ENABLE_STRICT_OBJC_MSGSEND = YES;
				ENABLE_TESTABILITY = YES;
				ENABLE_USER_SCRIPT_SANDBOXING = YES;
				GCC_C_LANGUAGE_STANDARD = gnu17;
				GCC_DYNAMIC_NO_PIC = NO;
				GCC_NO_COMMON_BLOCKS = YES;
				GCC_OPTIMIZATION_LEVEL = 0;
				GCC_PREPROCESSOR_DEFINITIONS = (
					"DEBUG=1",
					"$(inherited)",
				);
				GCC_WARN_64_TO_32_BIT_CONVERSION = YES;
				GCC_WARN_ABOUT_RETURN_TYPE = YES_ERROR;
				GCC_WARN_UNDECLARED_SELECTOR = YES;
				GCC_WARN_UNINITIALIZED_AUTOS = YES_AGGRESSIVE;
				GCC_WARN_UNUSED_FUNCTION = YES;
				GCC_WARN_UNUSED_VARIABLE = YES;
				IPHONEOS_DEPLOYMENT_TARGET = 18.0;
				LOCALIZATION_PREFERS_STRING_CATALOGS = YES;
				MTL_ENABLE_DEBUG_INFO = INCLUDE_SOURCE;
				MTL_FAST_MATH = YES;
				ONLY_ACTIVE_ARCH = YES;
				SDKROOT = iphoneos;
				SWIFT_ACTIVE_COMPILATION_CONDITIONS = "DEBUG $(inherited)";
				SWIFT_OPTIMIZATION_LEVEL = "-Onone";
			};
			name = Debug;
		};
		8E52D9232CBD100B00E5D42A /* Release */ = {
			isa = XCBuildConfiguration;
			buildSettings = {
				ALWAYS_SEARCH_USER_PATHS = NO;
				ASSETCATALOG_COMPILER_GENERATE_SWIFT_ASSET_SYMBOL_EXTENSIONS = YES;
				CLANG_ANALYZER_NONNULL = YES;
				CLANG_ANALYZER_NUMBER_OBJECT_CONVERSION = YES_AGGRESSIVE;
				CLANG_CXX_LANGUAGE_STANDARD = "gnu++20";
				CLANG_ENABLE_MODULES = YES;
				CLANG_ENABLE_OBJC_ARC = YES;
				CLANG_ENABLE_OBJC_WEAK = YES;
				CLANG_WARN_BLOCK_CAPTURE_AUTORELEASING = YES;
				CLANG_WARN_BOOL_CONVERSION = YES;
				CLANG_WARN_COMMA = YES;
				CLANG_WARN_CONSTANT_CONVERSION = YES;
				CLANG_WARN_DEPRECATED_OBJC_IMPLEMENTATIONS = YES;
				CLANG_WARN_DIRECT_OBJC_ISA_USAGE = YES_ERROR;
				CLANG_WARN_DOCUMENTATION_COMMENTS = YES;
				CLANG_WARN_EMPTY_BODY = YES;
				CLANG_WARN_ENUM_CONVERSION = YES;
				CLANG_WARN_INFINITE_RECURSION = YES;
				CLANG_WARN_INT_CONVERSION = YES;
				CLANG_WARN_NON_LITERAL_NULL_CONVERSION = YES;
				CLANG_WARN_OBJC_IMPLICIT_RETAIN_SELF = YES;
				CLANG_WARN_OBJC_LITERAL_CONVERSION = YES;
				CLANG_WARN_OBJC_ROOT_CLASS = YES_ERROR;
				CLANG_WARN_QUOTED_INCLUDE_IN_FRAMEWORK_HEADER = YES;
				CLANG_WARN_RANGE_LOOP_ANALYSIS = YES;
				CLANG_WARN_STRICT_PROTOTYPES = YES;
				CLANG_WARN_SUSPICIOUS_MOVE = YES;
				CLANG_WARN_UNGUARDED_AVAILABILITY = YES_AGGRESSIVE;
				CLANG_WARN_UNREACHABLE_CODE = YES;
				CLANG_WARN__DUPLICATE_METHOD_MATCH = YES;
				COPY_PHASE_STRIP = NO;
				DEBUG_INFORMATION_FORMAT = "dwarf-with-dsym";
				ENABLE_NS_ASSERTIONS = NO;
				ENABLE_STRICT_OBJC_MSGSEND = YES;
				ENABLE_USER_SCRIPT_SANDBOXING = YES;
				GCC_C_LANGUAGE_STANDARD = gnu17;
				GCC_NO_COMMON_BLOCKS = YES;
				GCC_WARN_64_TO_32_BIT_CONVERSION = YES;
				GCC_WARN_ABOUT_RETURN_TYPE = YES_ERROR;
				GCC_WARN_UNDECLARED_SELECTOR = YES;
				GCC_WARN_UNINITIALIZED_AUTOS = YES_AGGRESSIVE;
				GCC_WARN_UNUSED_FUNCTION = YES;
				GCC_WARN_UNUSED_VARIABLE = YES;
				IPHONEOS_DEPLOYMENT_TARGET = 18.0;
				LOCALIZATION_PREFERS_STRING_CATALOGS = YES;
				MTL_ENABLE_DEBUG_INFO = NO;
				MTL_FAST_MATH = YES;
				SDKROOT = iphoneos;
				SWIFT_COMPILATION_MODE = wholemodule;
				VALIDATE_PRODUCT = YES;
			};
			name = Release;
		};
		8E52D9252CBD100B00E5D42A /* Debug */ = {
			isa = XCBuildConfiguration;
			buildSettings = {
				ASSETCATALOG_COMPILER_APPICON_NAME = AppIcon;
				ASSETCATALOG_COMPILER_GLOBAL_ACCENT_COLOR_NAME = AccentColor;
				CODE_SIGN_STYLE = Automatic;
				CURRENT_PROJECT_VERSION = 1;
				ENABLE_PREVIEWS = YES;
				GENERATE_INFOPLIST_FILE = YES;
				INFOPLIST_FILE = Monologue/Info.plist;
				INFOPLIST_KEY_UIApplicationSceneManifest_Generation = YES;
				INFOPLIST_KEY_UIApplicationSupportsIndirectInputEvents = YES;
				INFOPLIST_KEY_UILaunchScreen_Generation = YES;
				INFOPLIST_KEY_UISupportedInterfaceOrientations = UIInterfaceOrientationPortrait;
				INFOPLIST_KEY_UISupportedInterfaceOrientations_iPad = "UIInterfaceOrientationLandscapeLeft UIInterfaceOrientationLandscapeRight UIInterfaceOrientationPortrait UIInterfaceOrientationPortraitUpsideDown";
				IPHONEOS_DEPLOYMENT_TARGET = 17.0;
				LD_RUNPATH_SEARCH_PATHS = (
					"$(inherited)",
					"@executable_path/Frameworks",
				);
				MARKETING_VERSION = 1.0;
				PRODUCT_BUNDLE_IDENTIFIER = education.techit.Monologue;
				PRODUCT_NAME = "$(TARGET_NAME)";
				SUPPORTED_PLATFORMS = "iphoneos iphonesimulator";
				SUPPORTS_MACCATALYST = NO;
				SUPPORTS_MAC_DESIGNED_FOR_IPHONE_IPAD = NO;
				SUPPORTS_XR_DESIGNED_FOR_IPHONE_IPAD = NO;
				SWIFT_EMIT_LOC_STRINGS = YES;
				SWIFT_VERSION = 5.0;
				TARGETED_DEVICE_FAMILY = 1;
			};
			name = Debug;
		};
		8E52D9262CBD100B00E5D42A /* Release */ = {
			isa = XCBuildConfiguration;
			buildSettings = {
				ASSETCATALOG_COMPILER_APPICON_NAME = AppIcon;
				ASSETCATALOG_COMPILER_GLOBAL_ACCENT_COLOR_NAME = AccentColor;
				CODE_SIGN_STYLE = Automatic;
				CURRENT_PROJECT_VERSION = 1;
				ENABLE_PREVIEWS = YES;
				GENERATE_INFOPLIST_FILE = YES;
				INFOPLIST_FILE = Monologue/Info.plist;
				INFOPLIST_KEY_UIApplicationSceneManifest_Generation = YES;
				INFOPLIST_KEY_UIApplicationSupportsIndirectInputEvents = YES;
				INFOPLIST_KEY_UILaunchScreen_Generation = YES;
				INFOPLIST_KEY_UISupportedInterfaceOrientations = UIInterfaceOrientationPortrait;
				INFOPLIST_KEY_UISupportedInterfaceOrientations_iPad = "UIInterfaceOrientationLandscapeLeft UIInterfaceOrientationLandscapeRight UIInterfaceOrientationPortrait UIInterfaceOrientationPortraitUpsideDown";
				IPHONEOS_DEPLOYMENT_TARGET = 17.0;
				LD_RUNPATH_SEARCH_PATHS = (
					"$(inherited)",
					"@executable_path/Frameworks",
				);
				MARKETING_VERSION = 1.0;
				PRODUCT_BUNDLE_IDENTIFIER = education.techit.Monologue;
				PRODUCT_NAME = "$(TARGET_NAME)";
				SUPPORTED_PLATFORMS = "iphoneos iphonesimulator";
				SUPPORTS_MACCATALYST = NO;
				SUPPORTS_MAC_DESIGNED_FOR_IPHONE_IPAD = NO;
				SUPPORTS_XR_DESIGNED_FOR_IPHONE_IPAD = NO;
				SWIFT_EMIT_LOC_STRINGS = YES;
				SWIFT_VERSION = 5.0;
				TARGETED_DEVICE_FAMILY = 1;
			};
			name = Release;
		};
/* End XCBuildConfiguration section */

/* Begin XCConfigurationList section */
		8E52D9112CBD100A00E5D42A /* Build configuration list for PBXProject "Monologue" */ = {
			isa = XCConfigurationList;
			buildConfigurations = (
				8E52D9222CBD100B00E5D42A /* Debug */,
				8E52D9232CBD100B00E5D42A /* Release */,
			);
			defaultConfigurationIsVisible = 0;
			defaultConfigurationName = Release;
		};
		8E52D9242CBD100B00E5D42A /* Build configuration list for PBXNativeTarget "Monologue" */ = {
			isa = XCConfigurationList;
			buildConfigurations = (
				8E52D9252CBD100B00E5D42A /* Debug */,
				8E52D9262CBD100B00E5D42A /* Release */,
			);
			defaultConfigurationIsVisible = 0;
			defaultConfigurationName = Release;
		};
/* End XCConfigurationList section */

/* Begin XCRemoteSwiftPackageReference section */
		8EF50D332CBDF47C000CABAA /* XCRemoteSwiftPackageReference "swift-collections" */ = {
			isa = XCRemoteSwiftPackageReference;
			repositoryURL = "https://github.com/apple/swift-collections.git";
			requirement = {
				kind = upToNextMajorVersion;
				minimumVersion = 1.1.4;
			};
		};
		EAC7D79F2CBD23E0008A8074 /* XCRemoteSwiftPackageReference "firebase-ios-sdk" */ = {
			isa = XCRemoteSwiftPackageReference;
			repositoryURL = "https://github.com/firebase/firebase-ios-sdk.git";
			requirement = {
				kind = upToNextMajorVersion;
				minimumVersion = 11.3.0;
			};
		};
		EAC7D7BE2CBD2902008A8074 /* XCRemoteSwiftPackageReference "GoogleSignIn-iOS" */ = {
			isa = XCRemoteSwiftPackageReference;
			repositoryURL = "https://github.com/google/GoogleSignIn-iOS";
			requirement = {
				kind = upToNextMajorVersion;
				minimumVersion = 8.0.0;
			};
		};
/* End XCRemoteSwiftPackageReference section */

/* Begin XCSwiftPackageProductDependency section */
		8EF50D342CBDF47C000CABAA /* OrderedCollections */ = {
			isa = XCSwiftPackageProductDependency;
			package = 8EF50D332CBDF47C000CABAA /* XCRemoteSwiftPackageReference "swift-collections" */;
			productName = OrderedCollections;
		};
		EAC7D7A02CBD23E0008A8074 /* FirebaseAuth */ = {
			isa = XCSwiftPackageProductDependency;
			package = EAC7D79F2CBD23E0008A8074 /* XCRemoteSwiftPackageReference "firebase-ios-sdk" */;
			productName = FirebaseAuth;
		};
		EAC7D7A22CBD23E0008A8074 /* FirebaseDatabase */ = {
			isa = XCSwiftPackageProductDependency;
			package = EAC7D79F2CBD23E0008A8074 /* XCRemoteSwiftPackageReference "firebase-ios-sdk" */;
			productName = FirebaseDatabase;
		};
		EAC7D7A42CBD23E0008A8074 /* FirebaseFirestore */ = {
			isa = XCSwiftPackageProductDependency;
			package = EAC7D79F2CBD23E0008A8074 /* XCRemoteSwiftPackageReference "firebase-ios-sdk" */;
			productName = FirebaseFirestore;
		};
		EAC7D7A62CBD24CC008A8074 /* FirebaseFirestoreCombine-Community */ = {
			isa = XCSwiftPackageProductDependency;
			package = EAC7D79F2CBD23E0008A8074 /* XCRemoteSwiftPackageReference "firebase-ios-sdk" */;
			productName = "FirebaseFirestoreCombine-Community";
		};
		EAC7D7BF2CBD2902008A8074 /* GoogleSignIn */ = {
			isa = XCSwiftPackageProductDependency;
			package = EAC7D7BE2CBD2902008A8074 /* XCRemoteSwiftPackageReference "GoogleSignIn-iOS" */;
			productName = GoogleSignIn;
		};
		EAC7D7C12CBD2902008A8074 /* GoogleSignInSwift */ = {
			isa = XCSwiftPackageProductDependency;
			package = EAC7D7BE2CBD2902008A8074 /* XCRemoteSwiftPackageReference "GoogleSignIn-iOS" */;
			productName = GoogleSignInSwift;
		};
/* End XCSwiftPackageProductDependency section */
	};
	rootObject = 8E52D90E2CBD100A00E5D42A /* Project object */;
}
